
Microsoft Visual Studio Solution File, Format Version 12.00
# Visual Studio Version 17
VisualStudioVersion = 17.4.33205.214
MinimumVisualStudioVersion = 10.0.40219.1
Project("{2150E333-8FDC-42A3-9474-1A3956D46DE8}") = "src", "src", "{C96E9D72-DD98-4358-BD91-CC7F5933DBBD}"
EndProject
Project("{2150E333-8FDC-42A3-9474-1A3956D46DE8}") = "Core", "Core", "{46A00E47-7BFE-4E49-9E0A-0176F007A1AF}"
EndProject
Project("{2150E333-8FDC-42A3-9474-1A3956D46DE8}") = "Infrastructure", "Infrastructure", "{602B3AF9-41A1-412D-9340-506BAC3C7272}"
EndProject
Project("{2150E333-8FDC-42A3-9474-1A3956D46DE8}") = "Presentation", "Presentation", "{DF3725E0-5253-44D9-A19A-7C32E5A6AC50}"
EndProject
Project("{FAE04EC0-301F-11D3-BF4B-00C04F79EFBC}") = "Application", "Application\Application.csproj", "{BBA6D70C-8DF8-4967-AA6A-E6ED73450F6E}"
EndProject
Project("{FAE04EC0-301F-11D3-BF4B-00C04F79EFBC}") = "Domain", "Domain\Domain.csproj", "{1ACCCA9D-D168-4445-8AF9-547CB750CC24}"
EndProject
Project("{FAE04EC0-301F-11D3-BF4B-00C04F79EFBC}") = "Shared", "Shared\Shared.csproj", "{5287AB26-5DDF-4B2E-BD34-8AE18F1C7387}"
EndProject
Project("{FAE04EC0-301F-11D3-BF4B-00C04F79EFBC}") = "WebAPI", "WebAPI\WebAPI.csproj", "{FAD3DB32-515C-45C0-90DD-79BA87BFFF4B}"
EndProject
Project("{9A19103F-16F7-4668-BE54-9A1E7A4F7556}") = "Persistence", "Persistence\Persistence.csproj", "{7B102E3C-FC1F-4CE4-A830-7F04FE206D1F}"
EndProject
Global
	GlobalSection(SolutionConfigurationPlatforms) = preSolution
		Debug|Any CPU = Debug|Any CPU
		Release|Any CPU = Release|Any CPU
	EndGlobalSection
	GlobalSection(ProjectConfigurationPlatforms) = postSolution
		{BBA6D70C-8DF8-4967-AA6A-E6ED73450F6E}.Debug|Any CPU.ActiveCfg = Debug|Any CPU
		{BBA6D70C-8DF8-4967-AA6A-E6ED73450F6E}.Debug|Any CPU.Build.0 = Debug|Any CPU
		{BBA6D70C-8DF8-4967-AA6A-E6ED73450F6E}.Release|Any CPU.ActiveCfg = Release|Any CPU
		{BBA6D70C-8DF8-4967-AA6A-E6ED73450F6E}.Release|Any CPU.Build.0 = Release|Any CPU
		{1ACCCA9D-D168-4445-8AF9-547CB750CC24}.Debug|Any CPU.ActiveCfg = Debug|Any CPU
		{1ACCCA9D-D168-4445-8AF9-547CB750CC24}.Debug|Any CPU.Build.0 = Debug|Any CPU
		{1ACCCA9D-D168-4445-8AF9-547CB750CC24}.Release|Any CPU.ActiveCfg = Release|Any CPU
		{1ACCCA9D-D168-4445-8AF9-547CB750CC24}.Release|Any CPU.Build.0 = Release|Any CPU
		{5287AB26-5DDF-4B2E-BD34-8AE18F1C7387}.Debug|Any CPU.ActiveCfg = Debug|Any CPU
		{5287AB26-5DDF-4B2E-BD34-8AE18F1C7387}.Debug|Any CPU.Build.0 = Debug|Any CPU
		{5287AB26-5DDF-4B2E-BD34-8AE18F1C7387}.Release|Any CPU.ActiveCfg = Release|Any CPU
		{5287AB26-5DDF-4B2E-BD34-8AE18F1C7387}.Release|Any CPU.Build.0 = Release|Any CPU
		{FAD3DB32-515C-45C0-90DD-79BA87BFFF4B}.Debug|Any CPU.ActiveCfg = Debug|Any CPU
		{FAD3DB32-515C-45C0-90DD-79BA87BFFF4B}.Debug|Any CPU.Build.0 = Debug|Any CPU
		{FAD3DB32-515C-45C0-90DD-79BA87BFFF4B}.Release|Any CPU.ActiveCfg = Release|Any CPU
		{FAD3DB32-515C-45C0-90DD-79BA87BFFF4B}.Release|Any CPU.Build.0 = Release|Any CPU
		{7B102E3C-FC1F-4CE4-A830-7F04FE206D1F}.Debug|Any CPU.ActiveCfg = Debug|Any CPU
		{7B102E3C-FC1F-4CE4-A830-7F04FE206D1F}.Debug|Any CPU.Build.0 = Debug|Any CPU
		{7B102E3C-FC1F-4CE4-A830-7F04FE206D1F}.Release|Any CPU.ActiveCfg = Release|Any CPU
		{7B102E3C-FC1F-4CE4-A830-7F04FE206D1F}.Release|Any CPU.Build.0 = Release|Any CPU
	EndGlobalSection
	GlobalSection(SolutionProperties) = preSolution
		HideSolutionNode = FALSE
	EndGlobalSection
	GlobalSection(NestedProjects) = preSolution
		{46A00E47-7BFE-4E49-9E0A-0176F007A1AF} = {C96E9D72-DD98-4358-BD91-CC7F5933DBBD}
		{602B3AF9-41A1-412D-9340-506BAC3C7272} = {C96E9D72-DD98-4358-BD91-CC7F5933DBBD}
		{DF3725E0-5253-44D9-A19A-7C32E5A6AC50} = {C96E9D72-DD98-4358-BD91-CC7F5933DBBD}
		{BBA6D70C-8DF8-4967-AA6A-E6ED73450F6E} = {46A00E47-7BFE-4E49-9E0A-0176F007A1AF}
		{1ACCCA9D-D168-4445-8AF9-547CB750CC24} = {46A00E47-7BFE-4E49-9E0A-0176F007A1AF}
		{5287AB26-5DDF-4B2E-BD34-8AE18F1C7387} = {602B3AF9-41A1-412D-9340-506BAC3C7272}
		{FAD3DB32-515C-45C0-90DD-79BA87BFFF4B} = {DF3725E0-5253-44D9-A19A-7C32E5A6AC50}
		{7B102E3C-FC1F-4CE4-A830-7F04FE206D1F} = {602B3AF9-41A1-412D-9340-506BAC3C7272}
	EndGlobalSection
	GlobalSection(ExtensibilityGlobals) = postSolution
		SolutionGuid = {6E203E14-EF67-40F4-81A9-C0198D627F5D}
	EndGlobalSection
EndGlobal
